
Microsoft Visual Studio Solution File, Format Version 12.00
# Visual Studio 15
Project("{FAE04EC0-301F-11D3-BF4B-00C04F79EFBC}") = "Assembly-CSharp", "Assembly-CSharp.csproj", "{28A4AAA7-3A6A-F807-F35C-6EED43119A36}"
EndProject
Project("{FAE04EC0-301F-11D3-BF4B-00C04F79EFBC}") = "Oculus.VR", "Oculus.VR.csproj", "{095DFC5D-3CD2-9AD0-8852-B78E44F3148A}"
EndProject
Project("{FAE04EC0-301F-11D3-BF4B-00C04F79EFBC}") = "Oculus.Platform", "Oculus.Platform.csproj", "{340B8ED1-5AC9-68D7-B4A2-3E768628850B}"
EndProject
Project("{FAE04EC0-301F-11D3-BF4B-00C04F79EFBC}") = "Assembly-CSharp-Editor", "Assembly-CSharp-Editor.csproj", "{E4EAB421-1800-D064-4B8D-B31E99563F46}"
EndProject
Project("{FAE04EC0-301F-11D3-BF4B-00C04F79EFBC}") = "Oculus.VR.Scripts.Editor", "Oculus.VR.Scripts.Editor.csproj", "{6FF6904F-FFA8-650B-4055-0521A3F1DA98}"
EndProject
Project("{FAE04EC0-301F-11D3-BF4B-00C04F79EFBC}") = "Oculus.VR.Editor", "Oculus.VR.Editor.csproj", "{0F8B867E-B8D4-5578-13EF-1FA8F434CE63}"
EndProject
Project("{FAE04EC0-301F-11D3-BF4B-00C04F79EFBC}") = "Oculus.Platform.Editor", "Oculus.Platform.Editor.csproj", "{F1339F6F-E6A0-B377-32D8-A1E538AA9CAC}"
EndProject
Global
	GlobalSection(SolutionConfigurationPlatforms) = preSolution
		Debug|Any CPU = Debug|Any CPU
		Release|Any CPU = Release|Any CPU
	EndGlobalSection
	GlobalSection(ProjectConfigurationPlatforms) = postSolution
		{28A4AAA7-3A6A-F807-F35C-6EED43119A36}.Debug|Any CPU.ActiveCfg = Debug|Any CPU
		{28A4AAA7-3A6A-F807-F35C-6EED43119A36}.Debug|Any CPU.Build.0 = Debug|Any CPU
		{28A4AAA7-3A6A-F807-F35C-6EED43119A36}.Release|Any CPU.ActiveCfg = Release|Any CPU
		{28A4AAA7-3A6A-F807-F35C-6EED43119A36}.Release|Any CPU.Build.0 = Release|Any CPU
		{095DFC5D-3CD2-9AD0-8852-B78E44F3148A}.Debug|Any CPU.ActiveCfg = Debug|Any CPU
		{095DFC5D-3CD2-9AD0-8852-B78E44F3148A}.Debug|Any CPU.Build.0 = Debug|Any CPU
		{095DFC5D-3CD2-9AD0-8852-B78E44F3148A}.Release|Any CPU.ActiveCfg = Release|Any CPU
		{095DFC5D-3CD2-9AD0-8852-B78E44F3148A}.Release|Any CPU.Build.0 = Release|Any CPU
		{340B8ED1-5AC9-68D7-B4A2-3E768628850B}.Debug|Any CPU.ActiveCfg = Debug|Any CPU
		{340B8ED1-5AC9-68D7-B4A2-3E768628850B}.Debug|Any CPU.Build.0 = Debug|Any CPU
		{340B8ED1-5AC9-68D7-B4A2-3E768628850B}.Release|Any CPU.ActiveCfg = Release|Any CPU
		{340B8ED1-5AC9-68D7-B4A2-3E768628850B}.Release|Any CPU.Build.0 = Release|Any CPU
		{E4EAB421-1800-D064-4B8D-B31E99563F46}.Debug|Any CPU.ActiveCfg = Debug|Any CPU
		{E4EAB421-1800-D064-4B8D-B31E99563F46}.Debug|Any CPU.Build.0 = Debug|Any CPU
		{E4EAB421-1800-D064-4B8D-B31E99563F46}.Release|Any CPU.ActiveCfg = Release|Any CPU
		{E4EAB421-1800-D064-4B8D-B31E99563F46}.Release|Any CPU.Build.0 = Release|Any CPU
		{6FF6904F-FFA8-650B-4055-0521A3F1DA98}.Debug|Any CPU.ActiveCfg = Debug|Any CPU
		{6FF6904F-FFA8-650B-4055-0521A3F1DA98}.Debug|Any CPU.Build.0 = Debug|Any CPU
		{6FF6904F-FFA8-650B-4055-0521A3F1DA98}.Release|Any CPU.ActiveCfg = Release|Any CPU
		{6FF6904F-FFA8-650B-4055-0521A3F1DA98}.Release|Any CPU.Build.0 = Release|Any CPU
		{0F8B867E-B8D4-5578-13EF-1FA8F434CE63}.Debug|Any CPU.ActiveCfg = Debug|Any CPU
		{0F8B867E-B8D4-5578-13EF-1FA8F434CE63}.Debug|Any CPU.Build.0 = Debug|Any CPU
		{0F8B867E-B8D4-5578-13EF-1FA8F434CE63}.Release|Any CPU.ActiveCfg = Release|Any CPU
		{0F8B867E-B8D4-5578-13EF-1FA8F434CE63}.Release|Any CPU.Build.0 = Release|Any CPU
		{F1339F6F-E6A0-B377-32D8-A1E538AA9CAC}.Debug|Any CPU.ActiveCfg = Debug|Any CPU
		{F1339F6F-E6A0-B377-32D8-A1E538AA9CAC}.Debug|Any CPU.Build.0 = Debug|Any CPU
		{F1339F6F-E6A0-B377-32D8-A1E538AA9CAC}.Release|Any CPU.ActiveCfg = Release|Any CPU
		{F1339F6F-E6A0-B377-32D8-A1E538AA9CAC}.Release|Any CPU.Build.0 = Release|Any CPU
	EndGlobalSection
	GlobalSection(SolutionProperties) = preSolution
		HideSolutionNode = FALSE
	EndGlobalSection
EndGlobal
